schema: '2.0'
stages:
  get_data:
    cmd: python3 get_data.py
    deps:
    - path: get_data.py
      hash: md5
      md5: 3600cd2f508f0230e5990d23899c7ae8
      size: 325
    outs:
    - path: data_raw.csv
      hash: md5
      md5: b427a8c0156e79f12e418b08cde43c7e
      size: 68868
  process:
    cmd: python3 process_data.py
    deps:
    - path: data_raw.csv
      hash: md5
      md5: b427a8c0156e79f12e418b08cde43c7e
      size: 68868
    - path: process_data.py
      hash: md5
      md5: 79b357c12f171f3d07c76780815b651c
      size: 900
    outs:
    - path: data_processed.csv
      hash: md5
      md5: 03269b6c0a766dc80e090326008765b3
      size: 24227
  train:
    cmd: python3 train.py
    deps:
    - path: data_processed.csv
      hash: md5
      md5: 03269b6c0a766dc80e090326008765b3
      size: 24227
    - path: train.py
      hash: md5
      md5: fb7f7f303850b4db18262216610f7a39
      size: 1527
    outs:
    - path: by_region.png
      hash: md5
      md5: ea55ab4ac5326ab61d32686fce5be3e7
      size: 7712
    - path: metrics.json
      hash: md5
      md5: a7e6faf3df3428f9dbe77f11234eafc1
      size: 90
